// !$*UTF8*$!
{
	archiveVersion = 1;
	classes = {
	};
	objectVersion = 50;
	objects = {

/* Begin PBXBuildFile section */
		11248C5B20D977D70011377B /* AppDelegate.swift in Sources */ = {isa = PBXBuildFile; fileRef = 11248C5A20D977D70011377B /* AppDelegate.swift */; };
		11248C5D20D977D70011377B /* ViewController.swift in Sources */ = {isa = PBXBuildFile; fileRef = 11248C5C20D977D70011377B /* ViewController.swift */; };
		11248C6020D977D70011377B /* Main.storyboard in Resources */ = {isa = PBXBuildFile; fileRef = 11248C5E20D977D70011377B /* Main.storyboard */; };
		11248C6220D977D80011377B /* Assets.xcassets in Resources */ = {isa = PBXBuildFile; fileRef = 11248C6120D977D80011377B /* Assets.xcassets */; };
		11248C6520D977D80011377B /* LaunchScreen.storyboard in Resources */ = {isa = PBXBuildFile; fileRef = 11248C6320D977D80011377B /* LaunchScreen.storyboard */; };
		11248C6D20D9786C0011377B /* SectionData.swift in Sources */ = {isa = PBXBuildFile; fileRef = 11248C6C20D9786C0011377B /* SectionData.swift */; };
		11248C6F20D990760011377B /* CustomCell.swift in Sources */ = {isa = PBXBuildFile; fileRef = 11248C6E20D990760011377B /* CustomCell.swift */; };
/* End PBXBuildFile section */

/* Begin PBXFileReference section */
		11248C5720D977D70011377B /* ExpandableUITableView.app */ = {isa = PBXFileReference; explicitFileType = wrapper.application; includeInIndex = 0; path = ExpandableUITableView.app; sourceTree = BUILT_PRODUCTS_DIR; };
		11248C5A20D977D70011377B /* AppDelegate.swift */ = {isa = PBXFileReference; lastKnownFileType = sourcecode.swift; path = AppDelegate.swift; sourceTree = "<group>"; };
		11248C5C20D977D70011377B /* ViewController.swift */ = {isa = PBXFileReference; lastKnownFileType = sourcecode.swift; path = ViewController.swift; sourceTree = "<group>"; };
		11248C5F20D977D70011377B /* Base */ = {isa = PBXFileReference; lastKnownFileType = file.storyboard; name = Base; path = Base.lproj/Main.storyboard; sourceTree = "<group>"; };
		11248C6120D977D80011377B /* Assets.xcassets */ = {isa = PBXFileReference; lastKnownFileType = folder.assetcatalog; path = Assets.xcassets; sourceTree = "<group>"; };
		11248C6420D977D80011377B /* Base */ = {isa = PBXFileReference; lastKnownFileType = file.storyboard; name = Base; path = Base.lproj/LaunchScreen.storyboard; sourceTree = "<group>"; };
		11248C6620D977D80011377B /* Info.plist */ = {isa = PBXFileReference; lastKnownFileType = text.plist.xml; path = Info.plist; sourceTree = "<group>"; };
		11248C6C20D9786C0011377B /* SectionData.swift */ = {isa = PBXFileReference; lastKnownFileType = sourcecode.swift; path = SectionData.swift; sourceTree = "<group>"; };
		11248C6E20D990760011377B /* CustomCell.swift */ = {isa = PBXFileReference; lastKnownFileType = sourcecode.swift; path = CustomCell.swift; sourceTree = "<group>"; };
/* End PBXFileReference section */

/* Begin PBXFrameworksBuildPhase section */
		11248C5420D977D70011377B /* Frameworks */ = {
			isa = PBXFrameworksBuildPhase;
			buildActionMask = 2147483647;
			files = (
			);
			runOnlyForDeploymentPostprocessing = 0;
		};
/* End PBXFrameworksBuildPhase section */

/* Begin PBXGroup section */
		11248C4E20D977D70011377B = {
			isa = PBXGroup;
			children = (
				11248C5920D977D70011377B /* ExpandableUITableView */,
				11248C5820D977D70011377B /* Products */,
			);
			sourceTree = "<group>";
		};
		11248C5820D977D70011377B /* Products */ = {
			isa = PBXGroup;
			children = (
				11248C5720D977D70011377B /* ExpandableUITableView.app */,
			);
			name = Products;
			sourceTree = "<group>";
		};
		11248C5920D977D70011377B /* ExpandableUITableView */ = {
			isa = PBXGroup;
			children = (
				11248C5A20D977D70011377B /* AppDelegate.swift */,
				11248C5C20D977D70011377B /* ViewController.swift */,
				11248C6C20D9786C0011377B /* SectionData.swift */,
				11248C6E20D990760011377B /* CustomCell.swift */,
				11248C5E20D977D70011377B /* Main.storyboard */,
				11248C6120D977D80011377B /* Assets.xcassets */,
				11248C6320D977D80011377B /* LaunchScreen.storyboard */,
				11248C6620D977D80011377B /* Info.plist */,
			);
			path = ExpandableUITableView;
			sourceTree = "<group>";
		};
/* End PBXGroup section */

/* Begin PBXNativeTarget section */
		11248C5620D977D70011377B /* ExpandableUITableView */ = {
			isa = PBXNativeTarget;
			buildConfigurationList = 11248C6920D977D80011377B /* Build configuration list for PBXNativeTarget "ExpandableUITableView" */;
			buildPhases = (
				11248C5320D977D70011377B /* Sources */,
				11248C5420D977D70011377B /* Frameworks */,
				11248C5520D977D70011377B /* Resources */,
			);
			buildRules = (
			);
			dependencies = (
			);
			name = ExpandableUITableView;
			productName = ExpandableUITableView;
			productReference = 11248C5720D977D70011377B /* ExpandableUITableView.app */;
			productType = "com.apple.product-type.application";
		};
/* End PBXNativeTarget section */

/* Begin PBXProject section */
		11248C4F20D977D70011377B /* Project object */ = {
			isa = PBXProject;
			attributes = {
				LastSwiftUpdateCheck = 1000;
				LastUpgradeCheck = 1000;
				ORGANIZATIONNAME = "Neil Hiddink";
				TargetAttributes = {
					11248C5620D977D70011377B = {
						CreatedOnToolsVersion = 10.0;
					};
				};
			};
			buildConfigurationList = 11248C5220D977D70011377B /* Build configuration list for PBXProject "ExpandableUITableView" */;
			compatibilityVersion = "Xcode 9.3";
			developmentRegion = en;
			hasScannedForEncodings = 0;
			knownRegions = (
				en,
				Base,
			);
			mainGroup = 11248C4E20D977D70011377B;
			productRefGroup = 11248C5820D977D70011377B /* Products */;
			projectDirPath = "";
			projectRoot = "";
			targets = (
				11248C5620D977D70011377B /* ExpandableUITableView */,
			);
		};
/* End PBXProject section */

/* Begin PBXResourcesBuildPhase section */
		11248C5520D977D70011377B /* Resources */ = {
			isa = PBXResourcesBuildPhase;
			buildActionMask = 2147483647;
			files = (
				11248C6520D977D80011377B /* LaunchScreen.storyboard in Resources */,
				11248C6220D977D80011377B /* Assets.xcassets in Resources */,
				11248C6020D977D70011377B /* Main.storyboard in Resources */,
			);
			runOnlyForDeploymentPostprocessing = 0;
		};
/* End PBXResourcesBuildPhase section */

/* Begin PBXSourcesBuildPhase section */
		11248C5320D977D70011377B /* Sources */ = {
			isa = PBXSourcesBuildPhase;
			buildActionMask = 2147483647;
			files = (
				11248C5D20D977D70011377B /* ViewController.swift in Sources */,
				11248C5B20D977D70011377B /* AppDelegate.swift in Sources */,
				11248C6F20D990760011377B /* CustomCell.swift in Sources */,
				11248C6D20D9786C0011377B /* SectionData.swift in Sources */,
			);
			runOnlyForDeploymentPostprocessing = 0;
		};
/* End PBXSourcesBuildPhase section */

/* Begin PBXVariantGroup section */
		11248C5E20D977D70011377B /* Main.storyboard */ = {
			isa = PBXVariantGroup;
			children = (
				11248C5F20D977D70011377B /* Base */,
			);
			name = Main.storyboard;
			sourceTree = "<group>";
		};
		11248C6320D977D80011377B /* LaunchScreen.storyboard */ = {
			isa = PBXVariantGroup;
			children = (
				11248C6420D977D80011377B /* Base */,
			);
			name = LaunchScreen.storyboard;
			sourceTree = "<group>";
		};
/* End PBXVariantGroup section */

/* Begin XCBuildConfiguration section */
		11248C6720D977D80011377B /* Debug */ = {
			isa = XCBuildConfiguration;
			buildSettings = {
				ALWAYS_SEARCH_USER_PATHS = NO;
				CLANG_ANALYZER_NONNULL = YES;
				CLANG_ANALYZER_NUMBER_OBJECT_CONVERSION = YES_AGGRESSIVE;
				CLANG_CXX_LANGUAGE_STANDARD = "gnu++14";
				CLANG_CXX_LIBRARY = "libc++";
				CLANG_ENABLE_MODULES = YES;
				CLANG_ENABLE_OBJC_ARC = YES;
				CLANG_ENABLE_OBJC_WEAK = YES;
				CLANG_WARN_BLOCK_CAPTURE_AUTORELEASING = YES;
				CLANG_WARN_BOOL_CONVERSION = YES;
				CLANG_WARN_COMMA = YES;
				CLANG_WARN_CONSTANT_CONVERSION = YES;
				CLANG_WARN_DEPRECATED_OBJC_IMPLEMENTATIONS = YES;
				CLANG_WARN_DIRECT_OBJC_ISA_USAGE = YES_ERROR;
				CLANG_WARN_DOCUMENTATION_COMMENTS = YES;
				CLANG_WARN_EMPTY_BODY = YES;
				CLANG_WARN_ENUM_CONVERSION = YES;
				CLANG_WARN_INFINITE_RECURSION = YES;
				CLANG_WARN_INT_CONVERSION = YES;
				CLANG_WARN_NON_LITERAL_NULL_CONVERSION = YES;
				CLANG_WARN_OBJC_IMPLICIT_RETAIN_SELF = YES;
				CLANG_WARN_OBJC_LITERAL_CONVERSION = YES;
				CLANG_WARN_OBJC_ROOT_CLASS = YES_ERROR;
				CLANG_WARN_RANGE_LOOP_ANALYSIS = YES;
				CLANG_WARN_STRICT_PROTOTYPES = YES;
				CLANG_WARN_SUSPICIOUS_MOVE = YES;
				CLANG_WARN_UNGUARDED_AVAILABILITY = YES_AGGRESSIVE;
				CLANG_WARN_UNREACHABLE_CODE = YES;
				CLANG_WARN__DUPLICATE_METHOD_MATCH = YES;
				CODE_SIGN_IDENTITY = "iPhone Developer";
				COPY_PHASE_STRIP = NO;
				DEBUG_INFORMATION_FORMAT = dwarf;
				ENABLE_STRICT_OBJC_MSGSEND = YES;
				ENABLE_TESTABILITY = YES;
				GCC_C_LANGUAGE_STANDARD = gnu11;
				GCC_DYNAMIC_NO_PIC = NO;
				GCC_NO_COMMON_BLOCKS = YES;
				GCC_OPTIMIZATION_LEVEL = 0;
				GCC_PREPROCESSOR_DEFINITIONS = (
					"DEBUG=1",
					"$(inherited)",
				);
				GCC_WARN_64_TO_32_BIT_CONVERSION = YES;
				GCC_WARN_ABOUT_RETURN_TYPE = YES_ERROR;
				GCC_WARN_UNDECLARED_SELECTOR = YES;
				GCC_WARN_UNINITIALIZED_AUTOS = YES_AGGRESSIVE;
				GCC_WARN_UNUSED_FUNCTION = YES;
				GCC_WARN_UNUSED_VARIABLE = YES;
				IPHONEOS_DEPLOYMENT_TARGET = 12.0;
				MTL_ENABLE_DEBUG_INFO = INCLUDE_SOURCE;
				ONLY_ACTIVE_ARCH = YES;
				SDKROOT = iphoneos;
				SWIFT_ACTIVE_COMPILATION_CONDITIONS = DEBUG;
				SWIFT_OPTIMIZATION_LEVEL = "-Onone";
			};
			name = Debug;
		};
		11248C6820D977D80011377B /* Release */ = {
			isa = XCBuildConfiguration;
			buildSettings = {
				ALWAYS_SEARCH_USER_PATHS = NO;
				CLANG_ANALYZER_NONNULL = YES;
				CLANG_ANALYZER_NUMBER_OBJECT_CONVERSION = YES_AGGRESSIVE;
				CLANG_CXX_LANGUAGE_STANDARD = "gnu++14";
				CLANG_CXX_LIBRARY = "libc++";
				CLANG_ENABLE_MODULES = YES;
				CLANG_ENABLE_OBJC_ARC = YES;
				CLANG_ENABLE_OBJC_WEAK = YES;
				CLANG_WARN_BLOCK_CAPTURE_AUTORELEASING = YES;
				CLANG_WARN_BOOL_CONVERSION = YES;
				CLANG_WARN_COMMA = YES;
				CLANG_WARN_CONSTANT_CONVERSION = YES;
				CLANG_WARN_DEPRECATED_OBJC_IMPLEMENTATIONS = YES;
				CLANG_WARN_DIRECT_OBJC_ISA_USAGE = YES_ERROR;
				CLANG_WARN_DOCUMENTATION_COMMENTS = YES;
				CLANG_WARN_EMPTY_BODY = YES;
				CLANG_WARN_ENUM_CONVERSION = YES;
				CLANG_WARN_INFINITE_RECURSION = YES;
				CLANG_WARN_INT_CONVERSION = YES;
				CLANG_WARN_NON_LITERAL_NULL_CONVERSION = YES;
				CLANG_WARN_OBJC_IMPLICIT_RETAIN_SELF = YES;
				CLANG_WARN_OBJC_LITERAL_CONVERSION = YES;
				CLANG_WARN_OBJC_ROOT_CLASS = YES_ERROR;
				CLANG_WARN_RANGE_LOOP_ANALYSIS = YES;
				CLANG_WARN_STRICT_PROTOTYPES = YES;
				CLANG_WARN_SUSPICIOUS_MOVE = YES;
				CLANG_WARN_UNGUARDED_AVAILABILITY = YES_AGGRESSIVE;
				CLANG_WARN_UNREACHABLE_CODE = YES;
				CLANG_WARN__DUPLICATE_METHOD_MATCH = YES;
				CODE_SIGN_IDENTITY = "iPhone Developer";
				COPY_PHASE_STRIP = NO;
				DEBUG_INFORMATION_FORMAT = "dwarf-with-dsym";
				ENABLE_NS_ASSERTIONS = NO;
				ENABLE_STRICT_OBJC_MSGSEND = YES;
				GCC_C_LANGUAGE_STANDARD = gnu11;
				GCC_NO_COMMON_BLOCKS = YES;
				GCC_WARN_64_TO_32_BIT_CONVERSION = YES;
				GCC_WARN_ABOUT_RETURN_TYPE = YES_ERROR;
				GCC_WARN_UNDECLARED_SELECTOR = YES;
				GCC_WARN_UNINITIALIZED_AUTOS = YES_AGGRESSIVE;
				GCC_WARN_UNUSED_FUNCTION = YES;
				GCC_WARN_UNUSED_VARIABLE = YES;
				IPHONEOS_DEPLOYMENT_TARGET = 12.0;
				MTL_ENABLE_DEBUG_INFO = NO;
				SDKROOT = iphoneos;
				SWIFT_COMPILATION_MODE = wholemodule;
				SWIFT_OPTIMIZATION_LEVEL = "-O";
				VALIDATE_PRODUCT = YES;
			};
			name = Release;
		};
		11248C6A20D977D80011377B /* Debug */ = {
			isa = XCBuildConfiguration;
			buildSettings = {
				ASSETCATALOG_COMPILER_APPICON_NAME = AppIcon;
				CODE_SIGN_STYLE = Automatic;
				DEVELOPMENT_TEAM = 7G4UHWJ29G;
				INFOPLIST_FILE = ExpandableUITableView/Info.plist;
				LD_RUNPATH_SEARCH_PATHS = (
					"$(inherited)",
					"@executable_path/Frameworks",
				);
				PRODUCT_BUNDLE_IDENTIFIER = "com.Neil-Hiddink.ExpandableUITableView";
				PRODUCT_NAME = "$(TARGET_NAME)";
				SWIFT_VERSION = 4.2;
				TARGETED_DEVICE_FAMILY = "1,2";
			};
			name = Debug;
		};
		11248C6B20D977D80011377B /* Release */ = {
			isa = XCBuildConfiguration;
			buildSettings = {
				ASSETCATALOG_COMPILER_APPICON_NAME = AppIcon;
				CODE_SIGN_STYLE = Automatic;
				DEVELOPMENT_TEAM = 7G4UHWJ29G;
				INFOPLIST_FILE = ExpandableUITableView/Info.plist;
				LD_RUNPATH_SEARCH_PATHS = (
					"$(inherited)",
					"@executable_path/Frameworks",
				);
				PRODUCT_BUNDLE_IDENTIFIER = "com.Neil-Hiddink.ExpandableUITableView";
				PRODUCT_NAME = "$(TARGET_NAME)";
				SWIFT_VERSION = 4.2;
				TARGETED_DEVICE_FAMILY = "1,2";
			};
			name = Release;
		};
/* End XCBuildConfiguration section */

/* Begin XCConfigurationList section */
		11248C5220D977D70011377B /* Build configuration list for PBXProject "ExpandableUITableView" */ = {
			isa = XCConfigurationList;
			buildConfigurations = (
				11248C6720D977D80011377B /* Debug */,
				11248C6820D977D80011377B /* Release */,
			);
			defaultConfigurationIsVisible = 0;
			defaultConfigurationName = Release;
		};
		11248C6920D977D80011377B /* Build configuration list for PBXNativeTarget "ExpandableUITableView" */ = {
			isa = XCConfigurationList;
			buildConfigurations = (
				11248C6A20D977D80011377B /* Debug */,
				11248C6B20D977D80011377B /* Release */,
			);
			defaultConfigurationIsVisible = 0;
			defaultConfigurationName = Release;
		};
/* End XCConfigurationList section */
	};
	rootObject = 11248C4F20D977D70011377B /* Project object */;
}
